// !$*UTF8*$!
{
	archiveVersion = 1;
	classes = {
	};
	objectVersion = 46;
	objects = {

/* Begin PBXBuildFile section */
		9312AD8D1E5F327E00BEFD77 /* IPhoto.swift in Sources */ = {isa = PBXBuildFile; fileRef = 9312AD8C1E5F327E00BEFD77 /* IPhoto.swift */; };
		9312AD901E5F394400BEFD77 /* IPhotoNavigationItem.swift in Sources */ = {isa = PBXBuildFile; fileRef = 9312AD8F1E5F394400BEFD77 /* IPhotoNavigationItem.swift */; };
		935281951E5CACB4006481EA /* IPhotoBrowserCollectionViewCell.swift in Sources */ = {isa = PBXBuildFile; fileRef = 935281941E5CACB4006481EA /* IPhotoBrowserCollectionViewCell.swift */; };
		935281971E5CACC6006481EA /* IPhotoBrowserDelegate.swift in Sources */ = {isa = PBXBuildFile; fileRef = 935281961E5CACC6006481EA /* IPhotoBrowserDelegate.swift */; };
		935281991E5CACCE006481EA /* IPhotoBrowserAnimatedTransition.swift in Sources */ = {isa = PBXBuildFile; fileRef = 935281981E5CACCE006481EA /* IPhotoBrowserAnimatedTransition.swift */; };
		9352819D1E5CACE2006481EA /* IPhotoBrowser.swift in Sources */ = {isa = PBXBuildFile; fileRef = 9352819A1E5CACE2006481EA /* IPhotoBrowser.swift */; };
		9352819E1E5CACE2006481EA /* IPhotoBrowserCollectionViewFlowLayout.swift in Sources */ = {isa = PBXBuildFile; fileRef = 9352819B1E5CACE2006481EA /* IPhotoBrowserCollectionViewFlowLayout.swift */; };
		9352819F1E5CACE2006481EA /* IPhotoBrowserNavigationController.swift in Sources */ = {isa = PBXBuildFile; fileRef = 9352819C1E5CACE2006481EA /* IPhotoBrowserNavigationController.swift */; };
		935281A31E5CACFC006481EA /* PHAsset+IPhotoBrowser.swift in Sources */ = {isa = PBXBuildFile; fileRef = 935281A01E5CACFC006481EA /* PHAsset+IPhotoBrowser.swift */; };
		935281A41E5CACFC006481EA /* UIImageView+IPhotoBrowser.swift in Sources */ = {isa = PBXBuildFile; fileRef = 935281A11E5CACFC006481EA /* UIImageView+IPhotoBrowser.swift */; };
		935281A51E5CACFC006481EA /* UIView+IPhotoBrowser.swift in Sources */ = {isa = PBXBuildFile; fileRef = 935281A21E5CACFC006481EA /* UIView+IPhotoBrowser.swift */; };
		935281A71E5CAD0A006481EA /* IPhotoWebImageCache.swift in Sources */ = {isa = PBXBuildFile; fileRef = 935281A61E5CAD0A006481EA /* IPhotoWebImageCache.swift */; };
		OBJ_29 /* IPhotoBrowserTests.swift in Sources */ = {isa = PBXBuildFile; fileRef = OBJ_12 /* IPhotoBrowserTests.swift */; };
		OBJ_31 /* IPhotoBrowser.framework in Frameworks */ = {isa = PBXBuildFile; fileRef = OBJ_15 /* IPhotoBrowser.framework */; };
/* End PBXBuildFile section */

/* Begin PBXContainerItemProxy section */
		930325281E563E9000A6B9A2 /* PBXContainerItemProxy */ = {
			isa = PBXContainerItemProxy;
			containerPortal = OBJ_1 /* Project object */;
			proxyType = 1;
			remoteGlobalIDString = OBJ_17;
			remoteInfo = IPhotoBrowser;
		};
/* End PBXContainerItemProxy section */

/* Begin PBXFileReference section */
		9312AD8C1E5F327E00BEFD77 /* IPhoto.swift */ = {isa = PBXFileReference; fileEncoding = 4; lastKnownFileType = sourcecode.swift; path = IPhoto.swift; sourceTree = "<group>"; };
		9312AD8F1E5F394400BEFD77 /* IPhotoNavigationItem.swift */ = {isa = PBXFileReference; fileEncoding = 4; lastKnownFileType = sourcecode.swift; path = IPhotoNavigationItem.swift; sourceTree = "<group>"; };
		935281811E5CAA4F006481EA /* IPhotoBrowser.h */ = {isa = PBXFileReference; lastKnownFileType = sourcecode.c.h; path = IPhotoBrowser.h; sourceTree = "<group>"; };
		935281941E5CACB4006481EA /* IPhotoBrowserCollectionViewCell.swift */ = {isa = PBXFileReference; fileEncoding = 4; lastKnownFileType = sourcecode.swift; path = IPhotoBrowserCollectionViewCell.swift; sourceTree = "<group>"; };
		935281961E5CACC6006481EA /* IPhotoBrowserDelegate.swift */ = {isa = PBXFileReference; fileEncoding = 4; lastKnownFileType = sourcecode.swift; path = IPhotoBrowserDelegate.swift; sourceTree = "<group>"; };
		935281981E5CACCE006481EA /* IPhotoBrowserAnimatedTransition.swift */ = {isa = PBXFileReference; fileEncoding = 4; lastKnownFileType = sourcecode.swift; path = IPhotoBrowserAnimatedTransition.swift; sourceTree = "<group>"; };
		9352819A1E5CACE2006481EA /* IPhotoBrowser.swift */ = {isa = PBXFileReference; fileEncoding = 4; lastKnownFileType = sourcecode.swift; path = IPhotoBrowser.swift; sourceTree = "<group>"; };
		9352819B1E5CACE2006481EA /* IPhotoBrowserCollectionViewFlowLayout.swift */ = {isa = PBXFileReference; fileEncoding = 4; lastKnownFileType = sourcecode.swift; path = IPhotoBrowserCollectionViewFlowLayout.swift; sourceTree = "<group>"; };
		9352819C1E5CACE2006481EA /* IPhotoBrowserNavigationController.swift */ = {isa = PBXFileReference; fileEncoding = 4; lastKnownFileType = sourcecode.swift; path = IPhotoBrowserNavigationController.swift; sourceTree = "<group>"; };
		935281A01E5CACFC006481EA /* PHAsset+IPhotoBrowser.swift */ = {isa = PBXFileReference; fileEncoding = 4; lastKnownFileType = sourcecode.swift; path = "PHAsset+IPhotoBrowser.swift"; sourceTree = "<group>"; };
		935281A11E5CACFC006481EA /* UIImageView+IPhotoBrowser.swift */ = {isa = PBXFileReference; fileEncoding = 4; lastKnownFileType = sourcecode.swift; path = "UIImageView+IPhotoBrowser.swift"; sourceTree = "<group>"; };
		935281A21E5CACFC006481EA /* UIView+IPhotoBrowser.swift */ = {isa = PBXFileReference; fileEncoding = 4; lastKnownFileType = sourcecode.swift; path = "UIView+IPhotoBrowser.swift"; sourceTree = "<group>"; };
		935281A61E5CAD0A006481EA /* IPhotoWebImageCache.swift */ = {isa = PBXFileReference; fileEncoding = 4; lastKnownFileType = sourcecode.swift; path = IPhotoWebImageCache.swift; sourceTree = "<group>"; };
		OBJ_12 /* IPhotoBrowserTests.swift */ = {isa = PBXFileReference; lastKnownFileType = sourcecode.swift; path = IPhotoBrowserTests.swift; sourceTree = "<group>"; };
		OBJ_15 /* IPhotoBrowser.framework */ = {isa = PBXFileReference; explicitFileType = wrapper.framework; path = IPhotoBrowser.framework; sourceTree = BUILT_PRODUCTS_DIR; };
		OBJ_16 /* IPhotoBrowserTests.xctest */ = {isa = PBXFileReference; explicitFileType = wrapper.cfbundle; path = IPhotoBrowserTests.xctest; sourceTree = BUILT_PRODUCTS_DIR; };
		OBJ_6 /* Package.swift */ = {isa = PBXFileReference; explicitFileType = sourcecode.swift; path = Package.swift; sourceTree = "<group>"; };
/* End PBXFileReference section */

/* Begin PBXFrameworksBuildPhase section */
		OBJ_23 /* Frameworks */ = {
			isa = PBXFrameworksBuildPhase;
			buildActionMask = 0;
			files = (
			);
			runOnlyForDeploymentPostprocessing = 0;
		};
		OBJ_30 /* Frameworks */ = {
			isa = PBXFrameworksBuildPhase;
			buildActionMask = 0;
			files = (
				OBJ_31 /* IPhotoBrowser.framework in Frameworks */,
			);
			runOnlyForDeploymentPostprocessing = 0;
		};
/* End PBXFrameworksBuildPhase section */

/* Begin PBXGroup section */
		930325291E563EAD00A6B9A2 /* CollectionViewCell */ = {
			isa = PBXGroup;
			children = (
				935281941E5CACB4006481EA /* IPhotoBrowserCollectionViewCell.swift */,
			);
			name = CollectionViewCell;
			sourceTree = "<group>";
		};
		9303252C1E563EBF00A6B9A2 /* Controller */ = {
			isa = PBXGroup;
			children = (
				937FFC801E573F470061ECC1 /* Protocol */,
				937FFC7C1E5734270061ECC1 /* Transitions */,
				9352819A1E5CACE2006481EA /* IPhotoBrowser.swift */,
				9352819B1E5CACE2006481EA /* IPhotoBrowserCollectionViewFlowLayout.swift */,
				9352819C1E5CACE2006481EA /* IPhotoBrowserNavigationController.swift */,
			);
			name = Controller;
			sourceTree = "<group>";
		};
		930325351E563ECC00A6B9A2 /* Extension */ = {
			isa = PBXGroup;
			children = (
				935281A01E5CACFC006481EA /* PHAsset+IPhotoBrowser.swift */,
				935281A11E5CACFC006481EA /* UIImageView+IPhotoBrowser.swift */,
				935281A21E5CACFC006481EA /* UIView+IPhotoBrowser.swift */,
			);
			name = Extension;
			sourceTree = "<group>";
		};
		930325381E563EDF00A6B9A2 /* Utility */ = {
			isa = PBXGroup;
			children = (
				935281A61E5CAD0A006481EA /* IPhotoWebImageCache.swift */,
			);
			name = Utility;
			sourceTree = "<group>";
		};
		9312AD8B1E5F326300BEFD77 /* Entity */ = {
			isa = PBXGroup;
			children = (
				9312AD8C1E5F327E00BEFD77 /* IPhoto.swift */,
			);
			name = Entity;
			sourceTree = "<group>";
		};
		9312AD8E1E5F392A00BEFD77 /* View */ = {
			isa = PBXGroup;
			children = (
				9312AD8F1E5F394400BEFD77 /* IPhotoNavigationItem.swift */,
			);
			name = View;
			sourceTree = "<group>";
		};
		937FFC7C1E5734270061ECC1 /* Transitions */ = {
			isa = PBXGroup;
			children = (
				935281981E5CACCE006481EA /* IPhotoBrowserAnimatedTransition.swift */,
			);
			name = Transitions;
			sourceTree = "<group>";
		};
		937FFC801E573F470061ECC1 /* Protocol */ = {
			isa = PBXGroup;
			children = (
				935281961E5CACC6006481EA /* IPhotoBrowserDelegate.swift */,
			);
			name = Protocol;
			sourceTree = "<group>";
		};
		OBJ_10 /* Tests */ = {
			isa = PBXGroup;
			children = (
				OBJ_11 /* IPhotoBrowserTests */,
			);
			path = Tests;
			sourceTree = "<group>";
		};
		OBJ_11 /* IPhotoBrowserTests */ = {
			isa = PBXGroup;
			children = (
				OBJ_12 /* IPhotoBrowserTests.swift */,
			);
			name = IPhotoBrowserTests;
			path = Tests/IPhotoBrowserTests;
			sourceTree = SOURCE_ROOT;
		};
		OBJ_14 /* Products */ = {
			isa = PBXGroup;
			children = (
				OBJ_15 /* IPhotoBrowser.framework */,
				OBJ_16 /* IPhotoBrowserTests.xctest */,
			);
			name = Products;
			sourceTree = BUILT_PRODUCTS_DIR;
		};
		OBJ_5 = {
			isa = PBXGroup;
			children = (
				OBJ_6 /* Package.swift */,
				OBJ_7 /* Sources */,
				OBJ_10 /* Tests */,
				OBJ_14 /* Products */,
			);
			sourceTree = "<group>";
		};
		OBJ_7 /* Sources */ = {
			isa = PBXGroup;
			children = (
				9312AD8E1E5F392A00BEFD77 /* View */,
				9312AD8B1E5F326300BEFD77 /* Entity */,
				930325291E563EAD00A6B9A2 /* CollectionViewCell */,
				9303252C1E563EBF00A6B9A2 /* Controller */,
				930325351E563ECC00A6B9A2 /* Extension */,
				930325381E563EDF00A6B9A2 /* Utility */,
				935281811E5CAA4F006481EA /* IPhotoBrowser.h */,
			);
			path = Sources;
			sourceTree = "<group>";
		};
/* End PBXGroup section */

/* Begin PBXNativeTarget section */
		OBJ_17 /* IPhotoBrowser */ = {
			isa = PBXNativeTarget;
			buildConfigurationList = OBJ_18 /* Build configuration list for PBXNativeTarget "IPhotoBrowser" */;
			buildPhases = (
				OBJ_21 /* Sources */,
				OBJ_23 /* Frameworks */,
			);
			buildRules = (
			);
			dependencies = (
			);
			name = IPhotoBrowser;
			productName = IPhotoBrowser;
			productReference = OBJ_15 /* IPhotoBrowser.framework */;
			productType = "com.apple.product-type.framework";
		};
		OBJ_24 /* IPhotoBrowserTests */ = {
			isa = PBXNativeTarget;
			buildConfigurationList = OBJ_25 /* Build configuration list for PBXNativeTarget "IPhotoBrowserTests" */;
			buildPhases = (
				OBJ_28 /* Sources */,
				OBJ_30 /* Frameworks */,
			);
			buildRules = (
			);
			dependencies = (
				OBJ_32 /* PBXTargetDependency */,
			);
			name = IPhotoBrowserTests;
			productName = IPhotoBrowserTests;
			productReference = OBJ_16 /* IPhotoBrowserTests.xctest */;
			productType = "com.apple.product-type.bundle.unit-test";
		};
/* End PBXNativeTarget section */

/* Begin PBXProject section */
		OBJ_1 /* Project object */ = {
			isa = PBXProject;
			attributes = {
				LastUpgradeCheck = 9999;
				TargetAttributes = {
					OBJ_17 = {
						LastSwiftMigration = 0820;
					};
				};
			};
			buildConfigurationList = OBJ_2 /* Build configuration list for PBXProject "IPhotoBrowser" */;
			compatibilityVersion = "Xcode 3.2";
			developmentRegion = English;
			hasScannedForEncodings = 0;
			knownRegions = (
				en,
			);
			mainGroup = OBJ_5;
			productRefGroup = OBJ_14 /* Products */;
			projectDirPath = "";
			projectRoot = "";
			targets = (
				OBJ_17 /* IPhotoBrowser */,
				OBJ_24 /* IPhotoBrowserTests */,
			);
		};
/* End PBXProject section */

/* Begin PBXSourcesBuildPhase section */
		OBJ_21 /* Sources */ = {
			isa = PBXSourcesBuildPhase;
			buildActionMask = 0;
			files = (
				9352819D1E5CACE2006481EA /* IPhotoBrowser.swift in Sources */,
				935281991E5CACCE006481EA /* IPhotoBrowserAnimatedTransition.swift in Sources */,
				9312AD8D1E5F327E00BEFD77 /* IPhoto.swift in Sources */,
				935281951E5CACB4006481EA /* IPhotoBrowserCollectionViewCell.swift in Sources */,
				9352819E1E5CACE2006481EA /* IPhotoBrowserCollectionViewFlowLayout.swift in Sources */,
				935281971E5CACC6006481EA /* IPhotoBrowserDelegate.swift in Sources */,
				9352819F1E5CACE2006481EA /* IPhotoBrowserNavigationController.swift in Sources */,
				9312AD901E5F394400BEFD77 /* IPhotoNavigationItem.swift in Sources */,
				935281A71E5CAD0A006481EA /* IPhotoWebImageCache.swift in Sources */,
				935281A31E5CACFC006481EA /* PHAsset+IPhotoBrowser.swift in Sources */,
				935281A41E5CACFC006481EA /* UIImageView+IPhotoBrowser.swift in Sources */,
				935281A51E5CACFC006481EA /* UIView+IPhotoBrowser.swift in Sources */,
			);
			runOnlyForDeploymentPostprocessing = 0;
		};
		OBJ_28 /* Sources */ = {
			isa = PBXSourcesBuildPhase;
			buildActionMask = 0;
			files = (
				OBJ_29 /* IPhotoBrowserTests.swift in Sources */,
			);
			runOnlyForDeploymentPostprocessing = 0;
		};
/* End PBXSourcesBuildPhase section */

/* Begin PBXTargetDependency section */
		OBJ_32 /* PBXTargetDependency */ = {
			isa = PBXTargetDependency;
			target = OBJ_17 /* IPhotoBrowser */;
			targetProxy = 930325281E563E9000A6B9A2 /* PBXContainerItemProxy */;
		};
/* End PBXTargetDependency section */

/* Begin XCBuildConfiguration section */
		OBJ_19 /* Debug */ = {
			isa = XCBuildConfiguration;
			buildSettings = {
				CLANG_ENABLE_MODULES = YES;
				DEFINES_MODULE = YES;
				ENABLE_TESTABILITY = YES;
				FRAMEWORK_SEARCH_PATHS = (
					"$(inherited)",
					"$(PLATFORM_DIR)/Developer/Library/Frameworks",
				);
				HEADER_SEARCH_PATHS = "$(inherited)";
				INFOPLIST_FILE = IPhotoBrowser.xcodeproj/IPhotoBrowser_Info.plist;
				LD_RUNPATH_SEARCH_PATHS = "$(TOOLCHAIN_DIR)/usr/lib/swift/macosx";
				OTHER_LDFLAGS = "$(inherited)";
				OTHER_SWIFT_FLAGS = "$(inherited)";
				PRODUCT_BUNDLE_IDENTIFIER = IPhotoBrowser;
				PRODUCT_MODULE_NAME = "$(TARGET_NAME:c99extidentifier)";
				PRODUCT_NAME = "$(TARGET_NAME:c99extidentifier)";
				SWIFT_OPTIMIZATION_LEVEL = "-Onone";
				SWIFT_VERSION = 3.0;
				TARGET_NAME = IPhotoBrowser;
			};
			name = Debug;
		};
		OBJ_20 /* Release */ = {
			isa = XCBuildConfiguration;
			buildSettings = {
				CLANG_ENABLE_MODULES = YES;
				DEFINES_MODULE = YES;
				ENABLE_TESTABILITY = YES;
				FRAMEWORK_SEARCH_PATHS = (
					"$(inherited)",
					"$(PLATFORM_DIR)/Developer/Library/Frameworks",
				);
				HEADER_SEARCH_PATHS = "$(inherited)";
				INFOPLIST_FILE = IPhotoBrowser.xcodeproj/IPhotoBrowser_Info.plist;
				LD_RUNPATH_SEARCH_PATHS = "$(TOOLCHAIN_DIR)/usr/lib/swift/macosx";
				OTHER_LDFLAGS = "$(inherited)";
				OTHER_SWIFT_FLAGS = "$(inherited)";
				PRODUCT_BUNDLE_IDENTIFIER = IPhotoBrowser;
				PRODUCT_MODULE_NAME = "$(TARGET_NAME:c99extidentifier)";
				PRODUCT_NAME = "$(TARGET_NAME:c99extidentifier)";
				SWIFT_VERSION = 3.0;
				TARGET_NAME = IPhotoBrowser;
			};
			name = Release;
		};
		OBJ_26 /* Debug */ = {
			isa = XCBuildConfiguration;
			buildSettings = {
				ALWAYS_EMBED_SWIFT_STANDARD_LIBRARIES = YES;
				EMBEDDED_CONTENT_CONTAINS_SWIFT = YES;
				FRAMEWORK_SEARCH_PATHS = (
					"$(inherited)",
					"$(PLATFORM_DIR)/Developer/Library/Frameworks",
				);
				HEADER_SEARCH_PATHS = "$(inherited)";
				INFOPLIST_FILE = IPhotoBrowser.xcodeproj/IPhotoBrowserTests_Info.plist;
				LD_RUNPATH_SEARCH_PATHS = "@loader_path/../Frameworks";
				OTHER_LDFLAGS = "$(inherited)";
				OTHER_SWIFT_FLAGS = "$(inherited)";
				TARGET_NAME = IPhotoBrowserTests;
			};
			name = Debug;
		};
		OBJ_27 /* Release */ = {
			isa = XCBuildConfiguration;
			buildSettings = {
				ALWAYS_EMBED_SWIFT_STANDARD_LIBRARIES = YES;
				EMBEDDED_CONTENT_CONTAINS_SWIFT = YES;
				FRAMEWORK_SEARCH_PATHS = (
					"$(inherited)",
					"$(PLATFORM_DIR)/Developer/Library/Frameworks",
				);
				HEADER_SEARCH_PATHS = "$(inherited)";
				INFOPLIST_FILE = IPhotoBrowser.xcodeproj/IPhotoBrowserTests_Info.plist;
				LD_RUNPATH_SEARCH_PATHS = "@loader_path/../Frameworks";
				OTHER_LDFLAGS = "$(inherited)";
				OTHER_SWIFT_FLAGS = "$(inherited)";
				TARGET_NAME = IPhotoBrowserTests;
			};
			name = Release;
		};
		OBJ_3 /* Debug */ = {
			isa = XCBuildConfiguration;
			buildSettings = {
				COMBINE_HIDPI_IMAGES = YES;
				COPY_PHASE_STRIP = NO;
				DEBUG_INFORMATION_FORMAT = dwarf;
				DYLIB_INSTALL_NAME_BASE = "@rpath";
				ENABLE_NS_ASSERTIONS = YES;
				GCC_OPTIMIZATION_LEVEL = 0;
				IPHONEOS_DEPLOYMENT_TARGET = 8.0;
				MACOSX_DEPLOYMENT_TARGET = 10.10;
				ONLY_ACTIVE_ARCH = YES;
				OTHER_SWIFT_FLAGS = "-DXcode";
				PRODUCT_NAME = "$(TARGET_NAME)";
				SDKROOT = iphoneos;
				SUPPORTED_PLATFORMS = "iphonesimulator iphoneos";
				SWIFT_ACTIVE_COMPILATION_CONDITIONS = SWIFT_PACKAGE;
				SWIFT_OPTIMIZATION_LEVEL = "-Onone";
				SWIFT_VERSION = 3.0;
				USE_HEADERMAP = NO;
			};
			name = Debug;
		};
		OBJ_4 /* Release */ = {
			isa = XCBuildConfiguration;
			buildSettings = {
				COMBINE_HIDPI_IMAGES = YES;
				COPY_PHASE_STRIP = YES;
				DEBUG_INFORMATION_FORMAT = "dwarf-with-dsym";
				DYLIB_INSTALL_NAME_BASE = "@rpath";
				GCC_OPTIMIZATION_LEVEL = s;
				IPHONEOS_DEPLOYMENT_TARGET = 8.0;
				MACOSX_DEPLOYMENT_TARGET = 10.10;
				OTHER_SWIFT_FLAGS = "-DXcode";
				PRODUCT_NAME = "$(TARGET_NAME)";
				SDKROOT = iphoneos;
				SUPPORTED_PLATFORMS = "iphonesimulator iphoneos";
				SWIFT_ACTIVE_COMPILATION_CONDITIONS = SWIFT_PACKAGE;
				SWIFT_OPTIMIZATION_LEVEL = "-O";
				SWIFT_VERSION = 3.0;
				USE_HEADERMAP = NO;
			};
			name = Release;
		};
/* End XCBuildConfiguration section */

/* Begin XCConfigurationList section */
		OBJ_18 /* Build configuration list for PBXNativeTarget "IPhotoBrowser" */ = {
			isa = XCConfigurationList;
			buildConfigurations = (
				OBJ_19 /* Debug */,
				OBJ_20 /* Release */,
			);
			defaultConfigurationIsVisible = 0;
			defaultConfigurationName = Debug;
		};
		OBJ_2 /* Build configuration list for PBXProject "IPhotoBrowser" */ = {
			isa = XCConfigurationList;
			buildConfigurations = (
				OBJ_3 /* Debug */,
				OBJ_4 /* Release */,
			);
			defaultConfigurationIsVisible = 0;
			defaultConfigurationName = Debug;
		};
		OBJ_25 /* Build configuration list for PBXNativeTarget "IPhotoBrowserTests" */ = {
			isa = XCConfigurationList;
			buildConfigurations = (
				OBJ_26 /* Debug */,
				OBJ_27 /* Release */,
			);
			defaultConfigurationIsVisible = 0;
			defaultConfigurationName = Debug;
		};
/* End XCConfigurationList section */
	};
	rootObject = OBJ_1 /* Project object */;
}
